// !$*UTF8*$!
{
	archiveVersion = 1;
	classes = {
	};
	objectVersion = 46;
	objects = {

/* Begin PBXBuildFile section */
		0CD2F2194B133DE849638844 /* libPods-HotPepperAppTests.a in Frameworks */ = {isa = PBXBuildFile; fileRef = 797219279D69AE50C954D16E /* libPods-HotPepperAppTests.a */; };
		3811452B1EB80A75009337B1 /* AreaNameEncoder.m in Sources */ = {isa = PBXBuildFile; fileRef = 3811452A1EB80A75009337B1 /* AreaNameEncoder.m */; };
		385EB4111EAD81CA0044F30E /* main.m in Sources */ = {isa = PBXBuildFile; fileRef = 385EB4101EAD81CA0044F30E /* main.m */; };
		385EB4141EAD81CA0044F30E /* AppDelegate.m in Sources */ = {isa = PBXBuildFile; fileRef = 385EB4131EAD81CA0044F30E /* AppDelegate.m */; };
		385EB4171EAD81CA0044F30E /* ShopListViewController.m in Sources */ = {isa = PBXBuildFile; fileRef = 385EB4161EAD81CA0044F30E /* ShopListViewController.m */; };
		385EB41C1EAD81CA0044F30E /* Assets.xcassets in Resources */ = {isa = PBXBuildFile; fileRef = 385EB41B1EAD81CA0044F30E /* Assets.xcassets */; };
		385EB42A1EAD81CA0044F30E /* HotPepperAppTests.m in Sources */ = {isa = PBXBuildFile; fileRef = 385EB4291EAD81CA0044F30E /* HotPepperAppTests.m */; };
		385EB4351EAD81CA0044F30E /* HotPepperAppUITests.m in Sources */ = {isa = PBXBuildFile; fileRef = 385EB4341EAD81CA0044F30E /* HotPepperAppUITests.m */; };
		385EB4481EAD85E70044F30E /* ShopList.storyboard in Resources */ = {isa = PBXBuildFile; fileRef = 385EB4471EAD85E70044F30E /* ShopList.storyboard */; };
		385EB44C1EAD87360044F30E /* ShopEntity.m in Sources */ = {isa = PBXBuildFile; fileRef = 385EB44B1EAD87360044F30E /* ShopEntity.m */; };
		385EB44F1EAD87740044F30E /* HotPepperApiManager.m in Sources */ = {isa = PBXBuildFile; fileRef = 385EB44E1EAD87740044F30E /* HotPepperApiManager.m */; };
		385EB45F1EAD96D80044F30E /* ShopTableViewDataSource.m in Sources */ = {isa = PBXBuildFile; fileRef = 385EB45E1EAD96D80044F30E /* ShopTableViewDataSource.m */; };
		385EB4681EAD990B0044F30E /* ShopCell.m in Sources */ = {isa = PBXBuildFile; fileRef = 385EB4661EAD990B0044F30E /* ShopCell.m */; };
		385EB4691EAD990B0044F30E /* ShopCell.xib in Resources */ = {isa = PBXBuildFile; fileRef = 385EB4671EAD990B0044F30E /* ShopCell.xib */; };
		38EACD621EC013F800E8B230 /* LoadNextCell.m in Sources */ = {isa = PBXBuildFile; fileRef = 38EACD601EC013F800E8B230 /* LoadNextCell.m */; };
		38EACD631EC013F800E8B230 /* LoadNextCell.xib in Resources */ = {isa = PBXBuildFile; fileRef = 38EACD611EC013F800E8B230 /* LoadNextCell.xib */; };
		8BD570AB590EEEE590713DAC /* libPods-HotPepperAppUITests.a in Frameworks */ = {isa = PBXBuildFile; fileRef = 34B21B39CED9D39C4067C996 /* libPods-HotPepperAppUITests.a */; };
		A0241DE3CACDA90C7FFF3A82 /* libPods-HotPepperApp.a in Frameworks */ = {isa = PBXBuildFile; fileRef = 8980BB0B49FF2E94462D1F57 /* libPods-HotPepperApp.a */; };
/* End PBXBuildFile section */

/* Begin PBXContainerItemProxy section */
		385EB4261EAD81CA0044F30E /* PBXContainerItemProxy */ = {
			isa = PBXContainerItemProxy;
			containerPortal = 385EB4041EAD81CA0044F30E /* Project object */;
			proxyType = 1;
			remoteGlobalIDString = 385EB40B1EAD81CA0044F30E;
			remoteInfo = HotPepperApp;
		};
		385EB4311EAD81CA0044F30E /* PBXContainerItemProxy */ = {
			isa = PBXContainerItemProxy;
			containerPortal = 385EB4041EAD81CA0044F30E /* Project object */;
			proxyType = 1;
			remoteGlobalIDString = 385EB40B1EAD81CA0044F30E;
			remoteInfo = HotPepperApp;
		};
/* End PBXContainerItemProxy section */

/* Begin PBXFileReference section */
		338B069E9D95A646C66E11EE /* Pods-HotPepperAppTests.debug.xcconfig */ = {isa = PBXFileReference; includeInIndex = 1; lastKnownFileType = text.xcconfig; name = "Pods-HotPepperAppTests.debug.xcconfig"; path = "Pods/Target Support Files/Pods-HotPepperAppTests/Pods-HotPepperAppTests.debug.xcconfig"; sourceTree = "<group>"; };
		34B21B39CED9D39C4067C996 /* libPods-HotPepperAppUITests.a */ = {isa = PBXFileReference; explicitFileType = archive.ar; includeInIndex = 0; path = "libPods-HotPepperAppUITests.a"; sourceTree = BUILT_PRODUCTS_DIR; };
		381145291EB80A75009337B1 /* AreaNameEncoder.h */ = {isa = PBXFileReference; fileEncoding = 4; lastKnownFileType = sourcecode.c.h; name = AreaNameEncoder.h; path = Model/AreaNameEncoder.h; sourceTree = "<group>"; };
		3811452A1EB80A75009337B1 /* AreaNameEncoder.m */ = {isa = PBXFileReference; fileEncoding = 4; lastKnownFileType = sourcecode.c.objc; name = AreaNameEncoder.m; path = Model/AreaNameEncoder.m; sourceTree = "<group>"; };
		385EB40C1EAD81CA0044F30E /* HotPepperApp.app */ = {isa = PBXFileReference; explicitFileType = wrapper.application; includeInIndex = 0; path = HotPepperApp.app; sourceTree = BUILT_PRODUCTS_DIR; };
		385EB4101EAD81CA0044F30E /* main.m */ = {isa = PBXFileReference; lastKnownFileType = sourcecode.c.objc; path = main.m; sourceTree = "<group>"; };
		385EB4121EAD81CA0044F30E /* AppDelegate.h */ = {isa = PBXFileReference; lastKnownFileType = sourcecode.c.h; path = AppDelegate.h; sourceTree = "<group>"; };
		385EB4131EAD81CA0044F30E /* AppDelegate.m */ = {isa = PBXFileReference; lastKnownFileType = sourcecode.c.objc; path = AppDelegate.m; sourceTree = "<group>"; };
		385EB4151EAD81CA0044F30E /* ShopListViewController.h */ = {isa = PBXFileReference; lastKnownFileType = sourcecode.c.h; path = ShopListViewController.h; sourceTree = "<group>"; };
		385EB4161EAD81CA0044F30E /* ShopListViewController.m */ = {isa = PBXFileReference; lastKnownFileType = sourcecode.c.objc; path = ShopListViewController.m; sourceTree = "<group>"; };
		385EB41B1EAD81CA0044F30E /* Assets.xcassets */ = {isa = PBXFileReference; lastKnownFileType = folder.assetcatalog; path = Assets.xcassets; sourceTree = "<group>"; };
		385EB4201EAD81CA0044F30E /* Info.plist */ = {isa = PBXFileReference; lastKnownFileType = text.plist.xml; path = Info.plist; sourceTree = "<group>"; };
		385EB4251EAD81CA0044F30E /* HotPepperAppTests.xctest */ = {isa = PBXFileReference; explicitFileType = wrapper.cfbundle; includeInIndex = 0; path = HotPepperAppTests.xctest; sourceTree = BUILT_PRODUCTS_DIR; };
		385EB4291EAD81CA0044F30E /* HotPepperAppTests.m */ = {isa = PBXFileReference; lastKnownFileType = sourcecode.c.objc; path = HotPepperAppTests.m; sourceTree = "<group>"; };
		385EB42B1EAD81CA0044F30E /* Info.plist */ = {isa = PBXFileReference; lastKnownFileType = text.plist.xml; path = Info.plist; sourceTree = "<group>"; };
		385EB4301EAD81CA0044F30E /* HotPepperAppUITests.xctest */ = {isa = PBXFileReference; explicitFileType = wrapper.cfbundle; includeInIndex = 0; path = HotPepperAppUITests.xctest; sourceTree = BUILT_PRODUCTS_DIR; };
		385EB4341EAD81CA0044F30E /* HotPepperAppUITests.m */ = {isa = PBXFileReference; lastKnownFileType = sourcecode.c.objc; path = HotPepperAppUITests.m; sourceTree = "<group>"; };
		385EB4361EAD81CA0044F30E /* Info.plist */ = {isa = PBXFileReference; lastKnownFileType = text.plist.xml; path = Info.plist; sourceTree = "<group>"; };
		385EB4471EAD85E70044F30E /* ShopList.storyboard */ = {isa = PBXFileReference; fileEncoding = 4; lastKnownFileType = file.storyboard; name = ShopList.storyboard; path = Storyboard/ShopList.storyboard; sourceTree = "<group>"; };
		385EB44A1EAD87360044F30E /* ShopEntity.h */ = {isa = PBXFileReference; fileEncoding = 4; lastKnownFileType = sourcecode.c.h; name = ShopEntity.h; path = Model/ShopEntity.h; sourceTree = "<group>"; };
		385EB44B1EAD87360044F30E /* ShopEntity.m */ = {isa = PBXFileReference; fileEncoding = 4; lastKnownFileType = sourcecode.c.objc; name = ShopEntity.m; path = Model/ShopEntity.m; sourceTree = "<group>"; };
		385EB44D1EAD87740044F30E /* HotPepperApiManager.h */ = {isa = PBXFileReference; fileEncoding = 4; lastKnownFileType = sourcecode.c.h; name = HotPepperApiManager.h; path = Model/HotPepperApiManager.h; sourceTree = "<group>"; };
		385EB44E1EAD87740044F30E /* HotPepperApiManager.m */ = {isa = PBXFileReference; fileEncoding = 4; lastKnownFileType = sourcecode.c.objc; name = HotPepperApiManager.m; path = Model/HotPepperApiManager.m; sourceTree = "<group>"; };
		385EB45D1EAD96D80044F30E /* ShopTableViewDataSource.h */ = {isa = PBXFileReference; fileEncoding = 4; lastKnownFileType = sourcecode.c.h; name = ShopTableViewDataSource.h; path = View/ShopTableViewDataSource.h; sourceTree = "<group>"; };
		385EB45E1EAD96D80044F30E /* ShopTableViewDataSource.m */ = {isa = PBXFileReference; fileEncoding = 4; lastKnownFileType = sourcecode.c.objc; name = ShopTableViewDataSource.m; path = View/ShopTableViewDataSource.m; sourceTree = "<group>"; };
		385EB4651EAD990B0044F30E /* ShopCell.h */ = {isa = PBXFileReference; fileEncoding = 4; lastKnownFileType = sourcecode.c.h; name = ShopCell.h; path = View/ShopCell.h; sourceTree = "<group>"; };
		385EB4661EAD990B0044F30E /* ShopCell.m */ = {isa = PBXFileReference; fileEncoding = 4; lastKnownFileType = sourcecode.c.objc; name = ShopCell.m; path = View/ShopCell.m; sourceTree = "<group>"; };
		385EB4671EAD990B0044F30E /* ShopCell.xib */ = {isa = PBXFileReference; fileEncoding = 4; lastKnownFileType = file.xib; name = ShopCell.xib; path = View/ShopCell.xib; sourceTree = "<group>"; };
		38EACD5F1EC013F800E8B230 /* LoadNextCell.h */ = {isa = PBXFileReference; fileEncoding = 4; lastKnownFileType = sourcecode.c.h; name = LoadNextCell.h; path = View/LoadNextCell.h; sourceTree = "<group>"; };
		38EACD601EC013F800E8B230 /* LoadNextCell.m */ = {isa = PBXFileReference; fileEncoding = 4; lastKnownFileType = sourcecode.c.objc; name = LoadNextCell.m; path = View/LoadNextCell.m; sourceTree = "<group>"; };
		38EACD611EC013F800E8B230 /* LoadNextCell.xib */ = {isa = PBXFileReference; fileEncoding = 4; lastKnownFileType = file.xib; name = LoadNextCell.xib; path = View/LoadNextCell.xib; sourceTree = "<group>"; };
		75E7202B5BF48C5AE9F3C58B /* Pods-HotPepperApp.debug.xcconfig */ = {isa = PBXFileReference; includeInIndex = 1; lastKnownFileType = text.xcconfig; name = "Pods-HotPepperApp.debug.xcconfig"; path = "Pods/Target Support Files/Pods-HotPepperApp/Pods-HotPepperApp.debug.xcconfig"; sourceTree = "<group>"; };
		797219279D69AE50C954D16E /* libPods-HotPepperAppTests.a */ = {isa = PBXFileReference; explicitFileType = archive.ar; includeInIndex = 0; path = "libPods-HotPepperAppTests.a"; sourceTree = BUILT_PRODUCTS_DIR; };
		809D0C4FE61B612629A18088 /* Pods-HotPepperAppUITests.release.xcconfig */ = {isa = PBXFileReference; includeInIndex = 1; lastKnownFileType = text.xcconfig; name = "Pods-HotPepperAppUITests.release.xcconfig"; path = "Pods/Target Support Files/Pods-HotPepperAppUITests/Pods-HotPepperAppUITests.release.xcconfig"; sourceTree = "<group>"; };
		8980BB0B49FF2E94462D1F57 /* libPods-HotPepperApp.a */ = {isa = PBXFileReference; explicitFileType = archive.ar; includeInIndex = 0; path = "libPods-HotPepperApp.a"; sourceTree = BUILT_PRODUCTS_DIR; };
		8C60F94CC4870EFF906211F5 /* Pods-HotPepperAppUITests.debug.xcconfig */ = {isa = PBXFileReference; includeInIndex = 1; lastKnownFileType = text.xcconfig; name = "Pods-HotPepperAppUITests.debug.xcconfig"; path = "Pods/Target Support Files/Pods-HotPepperAppUITests/Pods-HotPepperAppUITests.debug.xcconfig"; sourceTree = "<group>"; };
		AACD566CCFD9FA12CEF8AD7A /* Pods-HotPepperApp.release.xcconfig */ = {isa = PBXFileReference; includeInIndex = 1; lastKnownFileType = text.xcconfig; name = "Pods-HotPepperApp.release.xcconfig"; path = "Pods/Target Support Files/Pods-HotPepperApp/Pods-HotPepperApp.release.xcconfig"; sourceTree = "<group>"; };
		C6EFBEE366ECEE5E2759B60C /* Pods-HotPepperAppTests.release.xcconfig */ = {isa = PBXFileReference; includeInIndex = 1; lastKnownFileType = text.xcconfig; name = "Pods-HotPepperAppTests.release.xcconfig"; path = "Pods/Target Support Files/Pods-HotPepperAppTests/Pods-HotPepperAppTests.release.xcconfig"; sourceTree = "<group>"; };
/* End PBXFileReference section */

/* Begin PBXFrameworksBuildPhase section */
		385EB4091EAD81CA0044F30E /* Frameworks */ = {
			isa = PBXFrameworksBuildPhase;
			buildActionMask = 2147483647;
			files = (
				A0241DE3CACDA90C7FFF3A82 /* libPods-HotPepperApp.a in Frameworks */,
			);
			runOnlyForDeploymentPostprocessing = 0;
		};
		385EB4221EAD81CA0044F30E /* Frameworks */ = {
			isa = PBXFrameworksBuildPhase;
			buildActionMask = 2147483647;
			files = (
				0CD2F2194B133DE849638844 /* libPods-HotPepperAppTests.a in Frameworks */,
			);
			runOnlyForDeploymentPostprocessing = 0;
		};
		385EB42D1EAD81CA0044F30E /* Frameworks */ = {
			isa = PBXFrameworksBuildPhase;
			buildActionMask = 2147483647;
			files = (
				8BD570AB590EEEE590713DAC /* libPods-HotPepperAppUITests.a in Frameworks */,
			);
			runOnlyForDeploymentPostprocessing = 0;
		};
/* End PBXFrameworksBuildPhase section */

/* Begin PBXGroup section */
		2E26B5F5BFE6922751E741E0 /* Pods */ = {
			isa = PBXGroup;
			children = (
				75E7202B5BF48C5AE9F3C58B /* Pods-HotPepperApp.debug.xcconfig */,
				AACD566CCFD9FA12CEF8AD7A /* Pods-HotPepperApp.release.xcconfig */,
				338B069E9D95A646C66E11EE /* Pods-HotPepperAppTests.debug.xcconfig */,
				C6EFBEE366ECEE5E2759B60C /* Pods-HotPepperAppTests.release.xcconfig */,
				8C60F94CC4870EFF906211F5 /* Pods-HotPepperAppUITests.debug.xcconfig */,
				809D0C4FE61B612629A18088 /* Pods-HotPepperAppUITests.release.xcconfig */,
			);
			name = Pods;
			sourceTree = "<group>";
		};
		385EB4031EAD81CA0044F30E = {
			isa = PBXGroup;
			children = (
				385EB40E1EAD81CA0044F30E /* HotPepperApp */,
				385EB4281EAD81CA0044F30E /* HotPepperAppTests */,
				385EB4331EAD81CA0044F30E /* HotPepperAppUITests */,
				385EB40D1EAD81CA0044F30E /* Products */,
				2E26B5F5BFE6922751E741E0 /* Pods */,
				92D97B7B4E29344B2EBD3007 /* Frameworks */,
			);
			sourceTree = "<group>";
		};
		385EB40D1EAD81CA0044F30E /* Products */ = {
			isa = PBXGroup;
			children = (
				385EB40C1EAD81CA0044F30E /* HotPepperApp.app */,
				385EB4251EAD81CA0044F30E /* HotPepperAppTests.xctest */,
				385EB4301EAD81CA0044F30E /* HotPepperAppUITests.xctest */,
			);
			name = Products;
			sourceTree = "<group>";
		};
		385EB40E1EAD81CA0044F30E /* HotPepperApp */ = {
			isa = PBXGroup;
			children = (
				385EB45C1EAD963D0044F30E /* View */,
				385EB4491EAD87080044F30E /* Model */,
				385EB4441EAD85C50044F30E /* Storyboard */,
				385EB4431EAD85200044F30E /* Controller */,
				385EB4421EAD85160044F30E /* Other */,
				385EB41B1EAD81CA0044F30E /* Assets.xcassets */,
				385EB4201EAD81CA0044F30E /* Info.plist */,
				385EB40F1EAD81CA0044F30E /* Supporting Files */,
			);
			path = HotPepperApp;
			sourceTree = "<group>";
		};
		385EB40F1EAD81CA0044F30E /* Supporting Files */ = {
			isa = PBXGroup;
			children = (
				385EB4101EAD81CA0044F30E /* main.m */,
			);
			name = "Supporting Files";
			sourceTree = "<group>";
		};
		385EB4281EAD81CA0044F30E /* HotPepperAppTests */ = {
			isa = PBXGroup;
			children = (
				385EB4291EAD81CA0044F30E /* HotPepperAppTests.m */,
				385EB42B1EAD81CA0044F30E /* Info.plist */,
			);
			path = HotPepperAppTests;
			sourceTree = "<group>";
		};
		385EB4331EAD81CA0044F30E /* HotPepperAppUITests */ = {
			isa = PBXGroup;
			children = (
				385EB4341EAD81CA0044F30E /* HotPepperAppUITests.m */,
				385EB4361EAD81CA0044F30E /* Info.plist */,
			);
			path = HotPepperAppUITests;
			sourceTree = "<group>";
		};
		385EB4421EAD85160044F30E /* Other */ = {
			isa = PBXGroup;
			children = (
				385EB4121EAD81CA0044F30E /* AppDelegate.h */,
				385EB4131EAD81CA0044F30E /* AppDelegate.m */,
			);
			path = Other;
			sourceTree = "<group>";
		};
		385EB4431EAD85200044F30E /* Controller */ = {
			isa = PBXGroup;
			children = (
				385EB4151EAD81CA0044F30E /* ShopListViewController.h */,
				385EB4161EAD81CA0044F30E /* ShopListViewController.m */,
			);
			path = Controller;
			sourceTree = "<group>";
		};
		385EB4441EAD85C50044F30E /* Storyboard */ = {
			isa = PBXGroup;
			children = (
				385EB4471EAD85E70044F30E /* ShopList.storyboard */,
			);
			name = Storyboard;
			sourceTree = "<group>";
		};
		385EB4491EAD87080044F30E /* Model */ = {
			isa = PBXGroup;
			children = (
				385EB44A1EAD87360044F30E /* ShopEntity.h */,
				385EB44B1EAD87360044F30E /* ShopEntity.m */,
				385EB44D1EAD87740044F30E /* HotPepperApiManager.h */,
				385EB44E1EAD87740044F30E /* HotPepperApiManager.m */,
				381145291EB80A75009337B1 /* AreaNameEncoder.h */,
				3811452A1EB80A75009337B1 /* AreaNameEncoder.m */,
			);
			name = Model;
			sourceTree = "<group>";
		};
		385EB45C1EAD963D0044F30E /* View */ = {
			isa = PBXGroup;
			children = (
				385EB45D1EAD96D80044F30E /* ShopTableViewDataSource.h */,
				385EB45E1EAD96D80044F30E /* ShopTableViewDataSource.m */,
				385EB4651EAD990B0044F30E /* ShopCell.h */,
				385EB4661EAD990B0044F30E /* ShopCell.m */,
				385EB4671EAD990B0044F30E /* ShopCell.xib */,
				38EACD5F1EC013F800E8B230 /* LoadNextCell.h */,
				38EACD601EC013F800E8B230 /* LoadNextCell.m */,
				38EACD611EC013F800E8B230 /* LoadNextCell.xib */,
			);
			name = View;
			sourceTree = "<group>";
		};
		92D97B7B4E29344B2EBD3007 /* Frameworks */ = {
			isa = PBXGroup;
			children = (
				8980BB0B49FF2E94462D1F57 /* libPods-HotPepperApp.a */,
				797219279D69AE50C954D16E /* libPods-HotPepperAppTests.a */,
				34B21B39CED9D39C4067C996 /* libPods-HotPepperAppUITests.a */,
			);
			name = Frameworks;
			sourceTree = "<group>";
		};
/* End PBXGroup section */

/* Begin PBXNativeTarget section */
		385EB40B1EAD81CA0044F30E /* HotPepperApp */ = {
			isa = PBXNativeTarget;
			buildConfigurationList = 385EB4391EAD81CA0044F30E /* Build configuration list for PBXNativeTarget "HotPepperApp" */;
			buildPhases = (
				FA2C63310D5624CF583D0407 /* [CP] Check Pods Manifest.lock */,
				385EB4081EAD81CA0044F30E /* Sources */,
				385EB4091EAD81CA0044F30E /* Frameworks */,
				385EB40A1EAD81CA0044F30E /* Resources */,
				E4C894ED5F03C478B296DD06 /* [CP] Embed Pods Frameworks */,
				50330BEA4ABD97797F1691A9 /* [CP] Copy Pods Resources */,
			);
			buildRules = (
			);
			dependencies = (
			);
			name = HotPepperApp;
			productName = HotPepperApp;
			productReference = 385EB40C1EAD81CA0044F30E /* HotPepperApp.app */;
			productType = "com.apple.product-type.application";
		};
		385EB4241EAD81CA0044F30E /* HotPepperAppTests */ = {
			isa = PBXNativeTarget;
			buildConfigurationList = 385EB43C1EAD81CA0044F30E /* Build configuration list for PBXNativeTarget "HotPepperAppTests" */;
			buildPhases = (
				AC58050CE7C82FC50A47948A /* [CP] Check Pods Manifest.lock */,
				385EB4211EAD81CA0044F30E /* Sources */,
				385EB4221EAD81CA0044F30E /* Frameworks */,
				385EB4231EAD81CA0044F30E /* Resources */,
				B803D549BF159EE60BA4EF1B /* [CP] Embed Pods Frameworks */,
				93356E2B6E8B9385434D7E0C /* [CP] Copy Pods Resources */,
			);
			buildRules = (
			);
			dependencies = (
				385EB4271EAD81CA0044F30E /* PBXTargetDependency */,
			);
			name = HotPepperAppTests;
			productName = HotPepperAppTests;
			productReference = 385EB4251EAD81CA0044F30E /* HotPepperAppTests.xctest */;
			productType = "com.apple.product-type.bundle.unit-test";
		};
		385EB42F1EAD81CA0044F30E /* HotPepperAppUITests */ = {
			isa = PBXNativeTarget;
			buildConfigurationList = 385EB43F1EAD81CA0044F30E /* Build configuration list for PBXNativeTarget "HotPepperAppUITests" */;
			buildPhases = (
				21F42F5E8940B4A4BE9C9D5C /* [CP] Check Pods Manifest.lock */,
				385EB42C1EAD81CA0044F30E /* Sources */,
				385EB42D1EAD81CA0044F30E /* Frameworks */,
				385EB42E1EAD81CA0044F30E /* Resources */,
				70A5EC705697298B4F5394A5 /* [CP] Embed Pods Frameworks */,
				91CC82F75AE3ADDF22D8209E /* [CP] Copy Pods Resources */,
			);
			buildRules = (
			);
			dependencies = (
				385EB4321EAD81CA0044F30E /* PBXTargetDependency */,
			);
			name = HotPepperAppUITests;
			productName = HotPepperAppUITests;
			productReference = 385EB4301EAD81CA0044F30E /* HotPepperAppUITests.xctest */;
			productType = "com.apple.product-type.bundle.ui-testing";
		};
/* End PBXNativeTarget section */

/* Begin PBXProject section */
		385EB4041EAD81CA0044F30E /* Project object */ = {
			isa = PBXProject;
			attributes = {
				LastUpgradeCheck = 0820;
				ORGANIZATIONNAME = "Manami Ichikawa";
				TargetAttributes = {
					385EB40B1EAD81CA0044F30E = {
						CreatedOnToolsVersion = 8.2.1;
						DevelopmentTeam = PCCZJUYRT6;
						ProvisioningStyle = Automatic;
					};
					385EB4241EAD81CA0044F30E = {
						CreatedOnToolsVersion = 8.2.1;
						ProvisioningStyle = Automatic;
						TestTargetID = 385EB40B1EAD81CA0044F30E;
					};
					385EB42F1EAD81CA0044F30E = {
						CreatedOnToolsVersion = 8.2.1;
						ProvisioningStyle = Automatic;
						TestTargetID = 385EB40B1EAD81CA0044F30E;
					};
				};
			};
			buildConfigurationList = 385EB4071EAD81CA0044F30E /* Build configuration list for PBXProject "HotPepperApp" */;
			compatibilityVersion = "Xcode 3.2";
			developmentRegion = English;
			hasScannedForEncodings = 0;
			knownRegions = (
				en,
				Base,
			);
			mainGroup = 385EB4031EAD81CA0044F30E;
			productRefGroup = 385EB40D1EAD81CA0044F30E /* Products */;
			projectDirPath = "";
			projectRoot = "";
			targets = (
				385EB40B1EAD81CA0044F30E /* HotPepperApp */,
				385EB4241EAD81CA0044F30E /* HotPepperAppTests */,
				385EB42F1EAD81CA0044F30E /* HotPepperAppUITests */,
			);
		};
/* End PBXProject section */

/* Begin PBXResourcesBuildPhase section */
		385EB40A1EAD81CA0044F30E /* Resources */ = {
			isa = PBXResourcesBuildPhase;
			buildActionMask = 2147483647;
			files = (
				385EB4481EAD85E70044F30E /* ShopList.storyboard in Resources */,
				38EACD631EC013F800E8B230 /* LoadNextCell.xib in Resources */,
				385EB41C1EAD81CA0044F30E /* Assets.xcassets in Resources */,
				385EB4691EAD990B0044F30E /* ShopCell.xib in Resources */,
			);
			runOnlyForDeploymentPostprocessing = 0;
		};
		385EB4231EAD81CA0044F30E /* Resources */ = {
			isa = PBXResourcesBuildPhase;
			buildActionMask = 2147483647;
			files = (
			);
			runOnlyForDeploymentPostprocessing = 0;
		};
		385EB42E1EAD81CA0044F30E /* Resources */ = {
			isa = PBXResourcesBuildPhase;
			buildActionMask = 2147483647;
			files = (
			);
			runOnlyForDeploymentPostprocessing = 0;
		};
/* End PBXResourcesBuildPhase section */

/* Begin PBXShellScriptBuildPhase section */
		21F42F5E8940B4A4BE9C9D5C /* [CP] Check Pods Manifest.lock */ = {
			isa = PBXShellScriptBuildPhase;
			buildActionMask = 2147483647;
			files = (
			);
			inputPaths = (
			);
			name = "[CP] Check Pods Manifest.lock";
			outputPaths = (
			);
			runOnlyForDeploymentPostprocessing = 0;
			shellPath = /bin/sh;
			shellScript = "diff \"${PODS_ROOT}/../Podfile.lock\" \"${PODS_ROOT}/Manifest.lock\" > /dev/null\nif [ $? != 0 ] ; then\n    # print error to STDERR\n    echo \"error: The sandbox is not in sync with the Podfile.lock. Run 'pod install' or update your CocoaPods installation.\" >&2\n    exit 1\nfi\n";
			showEnvVarsInLog = 0;
		};
		50330BEA4ABD97797F1691A9 /* [CP] Copy Pods Resources */ = {
			isa = PBXShellScriptBuildPhase;
			buildActionMask = 2147483647;
			files = (
			);
			inputPaths = (
			);
			name = "[CP] Copy Pods Resources";
			outputPaths = (
			);
			runOnlyForDeploymentPostprocessing = 0;
			shellPath = /bin/sh;
			shellScript = "\"${SRCROOT}/Pods/Target Support Files/Pods-HotPepperApp/Pods-HotPepperApp-resources.sh\"\n";
			showEnvVarsInLog = 0;
		};
		70A5EC705697298B4F5394A5 /* [CP] Embed Pods Frameworks */ = {
			isa = PBXShellScriptBuildPhase;
			buildActionMask = 2147483647;
			files = (
			);
			inputPaths = (
			);
			name = "[CP] Embed Pods Frameworks";
			outputPaths = (
			);
			runOnlyForDeploymentPostprocessing = 0;
			shellPath = /bin/sh;
			shellScript = "\"${SRCROOT}/Pods/Target Support Files/Pods-HotPepperAppUITests/Pods-HotPepperAppUITests-frameworks.sh\"\n";
			showEnvVarsInLog = 0;
		};
		91CC82F75AE3ADDF22D8209E /* [CP] Copy Pods Resources */ = {
			isa = PBXShellScriptBuildPhase;
			buildActionMask = 2147483647;
			files = (
			);
			inputPaths = (
			);
			name = "[CP] Copy Pods Resources";
			outputPaths = (
			);
			runOnlyForDeploymentPostprocessing = 0;
			shellPath = /bin/sh;
			shellScript = "\"${SRCROOT}/Pods/Target Support Files/Pods-HotPepperAppUITests/Pods-HotPepperAppUITests-resources.sh\"\n";
			showEnvVarsInLog = 0;
		};
		93356E2B6E8B9385434D7E0C /* [CP] Copy Pods Resources */ = {
			isa = PBXShellScriptBuildPhase;
			buildActionMask = 2147483647;
			files = (
			);
			inputPaths = (
			);
			name = "[CP] Copy Pods Resources";
			outputPaths = (
			);
			runOnlyForDeploymentPostprocessing = 0;
			shellPath = /bin/sh;
			shellScript = "\"${SRCROOT}/Pods/Target Support Files/Pods-HotPepperAppTests/Pods-HotPepperAppTests-resources.sh\"\n";
			showEnvVarsInLog = 0;
		};
		AC58050CE7C82FC50A47948A /* [CP] Check Pods Manifest.lock */ = {
			isa = PBXShellScriptBuildPhase;
			buildActionMask = 2147483647;
			files = (
			);
			inputPaths = (
			);
			name = "[CP] Check Pods Manifest.lock";
			outputPaths = (
			);
			runOnlyForDeploymentPostprocessing = 0;
			shellPath = /bin/sh;
			shellScript = "diff \"${PODS_ROOT}/../Podfile.lock\" \"${PODS_ROOT}/Manifest.lock\" > /dev/null\nif [ $? != 0 ] ; then\n    # print error to STDERR\n    echo \"error: The sandbox is not in sync with the Podfile.lock. Run 'pod install' or update your CocoaPods installation.\" >&2\n    exit 1\nfi\n";
			showEnvVarsInLog = 0;
		};
		B803D549BF159EE60BA4EF1B /* [CP] Embed Pods Frameworks */ = {
			isa = PBXShellScriptBuildPhase;
			buildActionMask = 2147483647;
			files = (
			);
			inputPaths = (
			);
			name = "[CP] Embed Pods Frameworks";
			outputPaths = (
			);
			runOnlyForDeploymentPostprocessing = 0;
			shellPath = /bin/sh;
			shellScript = "\"${SRCROOT}/Pods/Target Support Files/Pods-HotPepperAppTests/Pods-HotPepperAppTests-frameworks.sh\"\n";
			showEnvVarsInLog = 0;
		};
		E4C894ED5F03C478B296DD06 /* [CP] Embed Pods Frameworks */ = {
			isa = PBXShellScriptBuildPhase;
			buildActionMask = 2147483647;
			files = (
			);
			inputPaths = (
			);
			name = "[CP] Embed Pods Frameworks";
			outputPaths = (
			);
			runOnlyForDeploymentPostprocessing = 0;
			shellPath = /bin/sh;
			shellScript = "\"${SRCROOT}/Pods/Target Support Files/Pods-HotPepperApp/Pods-HotPepperApp-frameworks.sh\"\n";
			showEnvVarsInLog = 0;
		};
		FA2C63310D5624CF583D0407 /* [CP] Check Pods Manifest.lock */ = {
			isa = PBXShellScriptBuildPhase;
			buildActionMask = 2147483647;
			files = (
			);
			inputPaths = (
			);
			name = "[CP] Check Pods Manifest.lock";
			outputPaths = (
			);
			runOnlyForDeploymentPostprocessing = 0;
			shellPath = /bin/sh;
			shellScript = "diff \"${PODS_ROOT}/../Podfile.lock\" \"${PODS_ROOT}/Manifest.lock\" > /dev/null\nif [ $? != 0 ] ; then\n    # print error to STDERR\n    echo \"error: The sandbox is not in sync with the Podfile.lock. Run 'pod install' or update your CocoaPods installation.\" >&2\n    exit 1\nfi\n";
			showEnvVarsInLog = 0;
		};
/* End PBXShellScriptBuildPhase section */

/* Begin PBXSourcesBuildPhase section */
		385EB4081EAD81CA0044F30E /* Sources */ = {
			isa = PBXSourcesBuildPhase;
			buildActionMask = 2147483647;
			files = (
				385EB4171EAD81CA0044F30E /* ShopListViewController.m in Sources */,
				385EB4141EAD81CA0044F30E /* AppDelegate.m in Sources */,
				385EB44C1EAD87360044F30E /* ShopEntity.m in Sources */,
				385EB4681EAD990B0044F30E /* ShopCell.m in Sources */,
				385EB4111EAD81CA0044F30E /* main.m in Sources */,
				385EB45F1EAD96D80044F30E /* ShopTableViewDataSource.m in Sources */,
				3811452B1EB80A75009337B1 /* AreaNameEncoder.m in Sources */,
				38EACD621EC013F800E8B230 /* LoadNextCell.m in Sources */,
				385EB44F1EAD87740044F30E /* HotPepperApiManager.m in Sources */,
			);
			runOnlyForDeploymentPostprocessing = 0;
		};
		385EB4211EAD81CA0044F30E /* Sources */ = {
			isa = PBXSourcesBuildPhase;
			buildActionMask = 2147483647;
			files = (
				385EB42A1EAD81CA0044F30E /* HotPepperAppTests.m in Sources */,
			);
			runOnlyForDeploymentPostprocessing = 0;
		};
		385EB42C1EAD81CA0044F30E /* Sources */ = {
			isa = PBXSourcesBuildPhase;
			buildActionMask = 2147483647;
			files = (
				385EB4351EAD81CA0044F30E /* HotPepperAppUITests.m in Sources */,
			);
			runOnlyForDeploymentPostprocessing = 0;
		};
/* End PBXSourcesBuildPhase section */

/* Begin PBXTargetDependency section */
		385EB4271EAD81CA0044F30E /* PBXTargetDependency */ = {
			isa = PBXTargetDependency;
			target = 385EB40B1EAD81CA0044F30E /* HotPepperApp */;
			targetProxy = 385EB4261EAD81CA0044F30E /* PBXContainerItemProxy */;
		};
		385EB4321EAD81CA0044F30E /* PBXTargetDependency */ = {
			isa = PBXTargetDependency;
			target = 385EB40B1EAD81CA0044F30E /* HotPepperApp */;
			targetProxy = 385EB4311EAD81CA0044F30E /* PBXContainerItemProxy */;
		};
/* End PBXTargetDependency section */

/* Begin XCBuildConfiguration section */
		385EB4371EAD81CA0044F30E /* Debug */ = {
			isa = XCBuildConfiguration;
			buildSettings = {
				ALWAYS_SEARCH_USER_PATHS = NO;
				CLANG_ANALYZER_NONNULL = YES;
				CLANG_CXX_LANGUAGE_STANDARD = "gnu++0x";
				CLANG_CXX_LIBRARY = "libc++";
				CLANG_ENABLE_MODULES = YES;
				CLANG_ENABLE_OBJC_ARC = YES;
				CLANG_WARN_BOOL_CONVERSION = YES;
				CLANG_WARN_CONSTANT_CONVERSION = YES;
				CLANG_WARN_DIRECT_OBJC_ISA_USAGE = YES_ERROR;
				CLANG_WARN_DOCUMENTATION_COMMENTS = YES;
				CLANG_WARN_EMPTY_BODY = YES;
				CLANG_WARN_ENUM_CONVERSION = YES;
				CLANG_WARN_INFINITE_RECURSION = YES;
				CLANG_WARN_INT_CONVERSION = YES;
				CLANG_WARN_OBJC_ROOT_CLASS = YES_ERROR;
				CLANG_WARN_SUSPICIOUS_MOVE = YES;
				CLANG_WARN_UNREACHABLE_CODE = YES;
				CLANG_WARN__DUPLICATE_METHOD_MATCH = YES;
				"CODE_SIGN_IDENTITY[sdk=iphoneos*]" = "iPhone Developer";
				COPY_PHASE_STRIP = NO;
				DEBUG_INFORMATION_FORMAT = dwarf;
				ENABLE_STRICT_OBJC_MSGSEND = YES;
				ENABLE_TESTABILITY = YES;
				GCC_C_LANGUAGE_STANDARD = gnu99;
				GCC_DYNAMIC_NO_PIC = NO;
				GCC_NO_COMMON_BLOCKS = YES;
				GCC_OPTIMIZATION_LEVEL = 0;
				GCC_PREPROCESSOR_DEFINITIONS = (
					"DEBUG=1",
					"$(inherited)",
				);
				GCC_WARN_64_TO_32_BIT_CONVERSION = YES;
				GCC_WARN_ABOUT_RETURN_TYPE = YES_ERROR;
				GCC_WARN_UNDECLARED_SELECTOR = YES;
				GCC_WARN_UNINITIALIZED_AUTOS = YES_AGGRESSIVE;
				GCC_WARN_UNUSED_FUNCTION = YES;
				GCC_WARN_UNUSED_VARIABLE = YES;
				IPHONEOS_DEPLOYMENT_TARGET = 10.2;
				MTL_ENABLE_DEBUG_INFO = YES;
				ONLY_ACTIVE_ARCH = YES;
				SDKROOT = iphoneos;
				TARGETED_DEVICE_FAMILY = "1,2";
			};
			name = Debug;
		};
		385EB4381EAD81CA0044F30E /* Release */ = {
			isa = XCBuildConfiguration;
			buildSettings = {
				ALWAYS_SEARCH_USER_PATHS = NO;
				CLANG_ANALYZER_NONNULL = YES;
				CLANG_CXX_LANGUAGE_STANDARD = "gnu++0x";
				CLANG_CXX_LIBRARY = "libc++";
				CLANG_ENABLE_MODULES = YES;
				CLANG_ENABLE_OBJC_ARC = YES;
				CLANG_WARN_BOOL_CONVERSION = YES;
				CLANG_WARN_CONSTANT_CONVERSION = YES;
				CLANG_WARN_DIRECT_OBJC_ISA_USAGE = YES_ERROR;
				CLANG_WARN_DOCUMENTATION_COMMENTS = YES;
				CLANG_WARN_EMPTY_BODY = YES;
				CLANG_WARN_ENUM_CONVERSION = YES;
				CLANG_WARN_INFINITE_RECURSION = YES;
				CLANG_WARN_INT_CONVERSION = YES;
				CLANG_WARN_OBJC_ROOT_CLASS = YES_ERROR;
				CLANG_WARN_SUSPICIOUS_MOVE = YES;
				CLANG_WARN_UNREACHABLE_CODE = YES;
				CLANG_WARN__DUPLICATE_METHOD_MATCH = YES;
				"CODE_SIGN_IDENTITY[sdk=iphoneos*]" = "iPhone Developer";
				COPY_PHASE_STRIP = NO;
				DEBUG_INFORMATION_FORMAT = "dwarf-with-dsym";
				ENABLE_NS_ASSERTIONS = NO;
				ENABLE_STRICT_OBJC_MSGSEND = YES;
				GCC_C_LANGUAGE_STANDARD = gnu99;
				GCC_NO_COMMON_BLOCKS = YES;
				GCC_WARN_64_TO_32_BIT_CONVERSION = YES;
				GCC_WARN_ABOUT_RETURN_TYPE = YES_ERROR;
				GCC_WARN_UNDECLARED_SELECTOR = YES;
				GCC_WARN_UNINITIALIZED_AUTOS = YES_AGGRESSIVE;
				GCC_WARN_UNUSED_FUNCTION = YES;
				GCC_WARN_UNUSED_VARIABLE = YES;
				IPHONEOS_DEPLOYMENT_TARGET = 10.2;
				MTL_ENABLE_DEBUG_INFO = NO;
				SDKROOT = iphoneos;
				TARGETED_DEVICE_FAMILY = "1,2";
				VALIDATE_PRODUCT = YES;
			};
			name = Release;
		};
		385EB43A1EAD81CA0044F30E /* Debug */ = {
			isa = XCBuildConfiguration;
			baseConfigurationReference = 75E7202B5BF48C5AE9F3C58B /* Pods-HotPepperApp.debug.xcconfig */;
			buildSettings = {
				ASSETCATALOG_COMPILER_APPICON_NAME = AppIcon;
				DEVELOPMENT_TEAM = PCCZJUYRT6;
				INFOPLIST_FILE = HotPepperApp/Info.plist;
				LD_RUNPATH_SEARCH_PATHS = "$(inherited) @executable_path/Frameworks";
				PRODUCT_BUNDLE_IDENTIFIER = edu.myself.HotPepperApp;
				PRODUCT_NAME = "$(TARGET_NAME)";
			};
			name = Debug;
		};
		385EB43B1EAD81CA0044F30E /* Release */ = {
			isa = XCBuildConfiguration;
			baseConfigurationReference = AACD566CCFD9FA12CEF8AD7A /* Pods-HotPepperApp.release.xcconfig */;
			buildSettings = {
				ASSETCATALOG_COMPILER_APPICON_NAME = AppIcon;
				DEVELOPMENT_TEAM = PCCZJUYRT6;
				INFOPLIST_FILE = HotPepperApp/Info.plist;
				LD_RUNPATH_SEARCH_PATHS = "$(inherited) @executable_path/Frameworks";
				PRODUCT_BUNDLE_IDENTIFIER = edu.myself.HotPepperApp;
				PRODUCT_NAME = "$(TARGET_NAME)";
			};
			name = Release;
		};
		385EB43D1EAD81CA0044F30E /* Debug */ = {
			isa = XCBuildConfiguration;
			baseConfigurationReference = 338B069E9D95A646C66E11EE /* Pods-HotPepperAppTests.debug.xcconfig */;
			buildSettings = {
				BUNDLE_LOADER = "$(TEST_HOST)";
				INFOPLIST_FILE = HotPepperAppTests/Info.plist;
				LD_RUNPATH_SEARCH_PATHS = "$(inherited) @executable_path/Frameworks @loader_path/Frameworks";
				PRODUCT_BUNDLE_IDENTIFIER = edu.myself.HotPepperAppTests;
				PRODUCT_NAME = "$(TARGET_NAME)";
				TEST_HOST = "$(BUILT_PRODUCTS_DIR)/HotPepperApp.app/HotPepperApp";
			};
			name = Debug;
		};
		385EB43E1EAD81CA0044F30E /* Release */ = {
			isa = XCBuildConfiguration;
			baseConfigurationReference = C6EFBEE366ECEE5E2759B60C /* Pods-HotPepperAppTests.release.xcconfig */;
			buildSettings = {
				BUNDLE_LOADER = "$(TEST_HOST)";
				INFOPLIST_FILE = HotPepperAppTests/Info.plist;
				LD_RUNPATH_SEARCH_PATHS = "$(inherited) @executable_path/Frameworks @loader_path/Frameworks";
				PRODUCT_BUNDLE_IDENTIFIER = edu.myself.HotPepperAppTests;
				PRODUCT_NAME = "$(TARGET_NAME)";
				TEST_HOST = "$(BUILT_PRODUCTS_DIR)/HotPepperApp.app/HotPepperApp";
			};
			name = Release;
		};
		385EB4401EAD81CA0044F30E /* Debug */ = {
			isa = XCBuildConfiguration;
			baseConfigurationReference = 8C60F94CC4870EFF906211F5 /* Pods-HotPepperAppUITests.debug.xcconfig */;
			buildSettings = {
				INFOPLIST_FILE = HotPepperAppUITests/Info.plist;
				LD_RUNPATH_SEARCH_PATHS = "$(inherited) @executable_path/Frameworks @loader_path/Frameworks";
				PRODUCT_BUNDLE_IDENTIFIER = edu.myself.HotPepperAppUITests;
				PRODUCT_NAME = "$(TARGET_NAME)";
				TEST_TARGET_NAME = HotPepperApp;
			};
			name = Debug;
		};
		385EB4411EAD81CA0044F30E /* Release */ = {
			isa = XCBuildConfiguration;
			baseConfigurationReference = 809D0C4FE61B612629A18088 /* Pods-HotPepperAppUITests.release.xcconfig */;
			buildSettings = {
				INFOPLIST_FILE = HotPepperAppUITests/Info.plist;
				LD_RUNPATH_SEARCH_PATHS = "$(inherited) @executable_path/Frameworks @loader_path/Frameworks";
				PRODUCT_BUNDLE_IDENTIFIER = edu.myself.HotPepperAppUITests;
				PRODUCT_NAME = "$(TARGET_NAME)";
				TEST_TARGET_NAME = HotPepperApp;
			};
			name = Release;
		};
/* End XCBuildConfiguration section */

/* Begin XCConfigurationList section */
		385EB4071EAD81CA0044F30E /* Build configuration list for PBXProject "HotPepperApp" */ = {
			isa = XCConfigurationList;
			buildConfigurations = (
				385EB4371EAD81CA0044F30E /* Debug */,
				385EB4381EAD81CA0044F30E /* Release */,
			);
			defaultConfigurationIsVisible = 0;
			defaultConfigurationName = Release;
		};
		385EB4391EAD81CA0044F30E /* Build configuration list for PBXNativeTarget "HotPepperApp" */ = {
			isa = XCConfigurationList;
			buildConfigurations = (
				385EB43A1EAD81CA0044F30E /* Debug */,
				385EB43B1EAD81CA0044F30E /* Release */,
			);
			defaultConfigurationIsVisible = 0;
			defaultConfigurationName = Release;
		};
		385EB43C1EAD81CA0044F30E /* Build configuration list for PBXNativeTarget "HotPepperAppTests" */ = {
			isa = XCConfigurationList;
			buildConfigurations = (
				385EB43D1EAD81CA0044F30E /* Debug */,
				385EB43E1EAD81CA0044F30E /* Release */,
			);
			defaultConfigurationIsVisible = 0;
			defaultConfigurationName = Release;
		};
		385EB43F1EAD81CA0044F30E /* Build configuration list for PBXNativeTarget "HotPepperAppUITests" */ = {
			isa = XCConfigurationList;
			buildConfigurations = (
				385EB4401EAD81CA0044F30E /* Debug */,
				385EB4411EAD81CA0044F30E /* Release */,
			);
			defaultConfigurationIsVisible = 0;
			defaultConfigurationName = Release;
		};
/* End XCConfigurationList section */
	};
	rootObject = 385EB4041EAD81CA0044F30E /* Project object */;
}
